PODS:
  - nativeShared (1.0)

DEPENDENCIES:
  - nativeShared (from `../nativeShared`)

EXTERNAL SOURCES:
  nativeShared:
    :path: "../nativeShared"

SPEC CHECKSUMS:
  nativeShared: c5ea10b07a9c4088da7fd78770249cd7f410e52e

PODFILE CHECKSUM: 67734e0520bb420b314e337732b99a5d5e633f43

COCOAPODS: 1.9.3
