// !$*UTF8*$!
{
	archiveVersion = 1;
	classes = {
	};
	objectVersion = 52;
	objects = {

/* Begin PBXBuildFile section */
		D588B2044C49CDABEB6E19EB /* libPods-reyan.a in Frameworks */ = {isa = PBXBuildFile; fileRef = 230047422AF75AA1A9BDD882 /* libPods-reyan.a */; };
		E77AD38825827FFD004FD632 /* JuzLineView.swift in Sources */ = {isa = PBXBuildFile; fileRef = E77AD38725827FFD004FD632 /* JuzLineView.swift */; };
		E77AD38D258291F5004FD632 /* JuzListView.swift in Sources */ = {isa = PBXBuildFile; fileRef = E77AD38C258291F5004FD632 /* JuzListView.swift */; };
		E77AD39525829F86004FD632 /* JuzListStateCollector.swift in Sources */ = {isa = PBXBuildFile; fileRef = E77AD39425829F86004FD632 /* JuzListStateCollector.swift */; };
		E77AD39A2582A282004FD632 /* JuzTitleArray.swift in Sources */ = {isa = PBXBuildFile; fileRef = E77AD3992582A282004FD632 /* JuzTitleArray.swift */; };
		E78EFD3225330F4F00886039 /* NavigationRouter in Frameworks */ = {isa = PBXBuildFile; productRef = E78EFD3125330F4F00886039 /* NavigationRouter */; };
		E78EFD5F2533509A00886039 /* AppDelegate.swift in Sources */ = {isa = PBXBuildFile; fileRef = E78EFD5D2533509900886039 /* AppDelegate.swift */; };
		E78EFD602533509A00886039 /* SceneDelegate.swift in Sources */ = {isa = PBXBuildFile; fileRef = E78EFD5E2533509A00886039 /* SceneDelegate.swift */; };
		E78EFD6E253351C000886039 /* Navigation.swift in Sources */ = {isa = PBXBuildFile; fileRef = E78EFD69253351C000886039 /* Navigation.swift */; };
		E78EFD7E2533541100886039 /* QuranHomeViewParent.swift in Sources */ = {isa = PBXBuildFile; fileRef = E78EFD7C2533541100886039 /* QuranHomeViewParent.swift */; };
		E78EFD7F2533541100886039 /* QuranHomeView.swift in Sources */ = {isa = PBXBuildFile; fileRef = E78EFD7D2533541100886039 /* QuranHomeView.swift */; };
		E78EFD8D253355E500886039 /* QuranHomeStateCollector.swift in Sources */ = {isa = PBXBuildFile; fileRef = E78EFD8C253355E500886039 /* QuranHomeStateCollector.swift */; };
		E78EFD9D2533588C00886039 /* ReyanModule.swift in Sources */ = {isa = PBXBuildFile; fileRef = E78EFD9C2533588C00886039 /* ReyanModule.swift */; };
		E78EFDA72533598400886039 /* SearchViewParent.swift in Sources */ = {isa = PBXBuildFile; fileRef = E78EFDA52533598400886039 /* SearchViewParent.swift */; };
		E78EFDA82533598400886039 /* SearchView.swift in Sources */ = {isa = PBXBuildFile; fileRef = E78EFDA62533598400886039 /* SearchView.swift */; };
		E78EFDF12533680200886039 /* LaunchScreen.storyboard in Resources */ = {isa = PBXBuildFile; fileRef = E78EFDEF2533680200886039 /* LaunchScreen.storyboard */; };
		E796EC2625376ACC0025072F /* Resolver in Frameworks */ = {isa = PBXBuildFile; productRef = E796EC2525376ACC0025072F /* Resolver */; };
		E796EC39253836720025072F /* DICore.swift in Sources */ = {isa = PBXBuildFile; fileRef = E796EC38253836720025072F /* DICore.swift */; };
		E796EC3E253837260025072F /* DIRegister.swift in Sources */ = {isa = PBXBuildFile; fileRef = E796EC3D253837260025072F /* DIRegister.swift */; };
		E7B512982580102900B88771 /* JuzRowView.swift in Sources */ = {isa = PBXBuildFile; fileRef = E7B512972580102900B88771 /* JuzRowView.swift */; };
		E7BDEBFE2590829600F8504F /* TabView.swift in Sources */ = {isa = PBXBuildFile; fileRef = E7BDEBFD2590829600F8504F /* TabView.swift */; };
		E7BDEC052590BDAA00F8504F /* HomeSettingsView.swift in Sources */ = {isa = PBXBuildFile; fileRef = E7BDEC032590BDAA00F8504F /* HomeSettingsView.swift */; };
		E7BDEC062590BDAA00F8504F /* HomeSettingsViewParent.swift in Sources */ = {isa = PBXBuildFile; fileRef = E7BDEC042590BDAA00F8504F /* HomeSettingsViewParent.swift */; };
		E7BDEC0D2590C02500F8504F /* SurahViewParent.swift in Sources */ = {isa = PBXBuildFile; fileRef = E7BDEC0B2590C02500F8504F /* SurahViewParent.swift */; };
		E7BDEC0E2590C02500F8504F /* SurahView.swift in Sources */ = {isa = PBXBuildFile; fileRef = E7BDEC0C2590C02500F8504F /* SurahView.swift */; };
		E7BDEC1D259BF13300F8504F /* SurahStateCollector.swift in Sources */ = {isa = PBXBuildFile; fileRef = E7BDEC1C259BF13200F8504F /* SurahStateCollector.swift */; };
		E7CAB2932570EB3B00E6D753 /* SearchBarView.swift in Sources */ = {isa = PBXBuildFile; fileRef = E7CAB2922570EB3B00E6D753 /* SearchBarView.swift */; };
		E7CAB2A425740EC700E6D753 /* SurahListView.swift in Sources */ = {isa = PBXBuildFile; fileRef = E7CAB2A325740EC700E6D753 /* SurahListView.swift */; };
		E7CAB2A92574100D00E6D753 /* SurahRowView.swift in Sources */ = {isa = PBXBuildFile; fileRef = E7CAB2A82574100D00E6D753 /* SurahRowView.swift */; };
		E7CAB2B325741F1E00E6D753 /* Utils.swift in Sources */ = {isa = PBXBuildFile; fileRef = E7CAB2B225741F1E00E6D753 /* Utils.swift */; };
		E7CAB2B825741F3900E6D753 /* RemoveSeperateLinesInList.swift in Sources */ = {isa = PBXBuildFile; fileRef = E7CAB2B725741F3900E6D753 /* RemoveSeperateLinesInList.swift */; };
		E7CAB2C12578D78C00E6D753 /* SurahListStateCollector.swift in Sources */ = {isa = PBXBuildFile; fileRef = E7CAB2C02578D78C00E6D753 /* SurahListStateCollector.swift */; };
		E7D547EF255D264100F6BC73 /* Router+MVI.swift in Sources */ = {isa = PBXBuildFile; fileRef = E7D547EE255D264100F6BC73 /* Router+MVI.swift */; };
		E7D6F7422561AAE4006C17EB /* DatabaseFillerUsecase.swift in Sources */ = {isa = PBXBuildFile; fileRef = E7D6F7412561AAE4006C17EB /* DatabaseFillerUsecase.swift */; };
		E7FA3FE62566557D00B8FCE7 /* quran-farsi-makarem.json in Resources */ = {isa = PBXBuildFile; fileRef = E7FA3FE22566557C00B8FCE7 /* quran-farsi-makarem.json */; };
		E7FA3FE72566557D00B8FCE7 /* quran-simple-one-line.json in Resources */ = {isa = PBXBuildFile; fileRef = E7FA3FE32566557C00B8FCE7 /* quran-simple-one-line.json */; };
		E7FA3FE82566557D00B8FCE7 /* quran-data.json in Resources */ = {isa = PBXBuildFile; fileRef = E7FA3FE42566557C00B8FCE7 /* quran-data.json */; };
		E7FA3FE92566557D00B8FCE7 /* quran-en-Abdullah-Yusuf-Ali.json in Resources */ = {isa = PBXBuildFile; fileRef = E7FA3FE52566557C00B8FCE7 /* quran-en-Abdullah-Yusuf-Ali.json */; };
		F9275E162532160B0021FE0E /* TestView.swift in Sources */ = {isa = PBXBuildFile; fileRef = F9275E152532160B0021FE0E /* TestView.swift */; };
		F9275E182532160D0021FE0E /* Assets.xcassets in Resources */ = {isa = PBXBuildFile; fileRef = F9275E172532160D0021FE0E /* Assets.xcassets */; };
		F9275E1B2532160D0021FE0E /* Preview Assets.xcassets in Resources */ = {isa = PBXBuildFile; fileRef = F9275E1A2532160D0021FE0E /* Preview Assets.xcassets */; };
		F9275E312532160D0021FE0E /* reyanUITests.swift in Sources */ = {isa = PBXBuildFile; fileRef = F9275E302532160D0021FE0E /* reyanUITests.swift */; };
		F9CC016C259DD30E00E527FE /* Base32.swift in Sources */ = {isa = PBXBuildFile; fileRef = F9CC016B259DD30E00E527FE /* Base32.swift */; };
/* End PBXBuildFile section */

/* Begin PBXContainerItemProxy section */
		F9275E222532160D0021FE0E /* PBXContainerItemProxy */ = {
			isa = PBXContainerItemProxy;
			containerPortal = F9275E082532160B0021FE0E /* Project object */;
			proxyType = 1;
			remoteGlobalIDString = F9275E0F2532160B0021FE0E;
			remoteInfo = reyan;
		};
		F9275E2D2532160D0021FE0E /* PBXContainerItemProxy */ = {
			isa = PBXContainerItemProxy;
			containerPortal = F9275E082532160B0021FE0E /* Project object */;
			proxyType = 1;
			remoteGlobalIDString = F9275E0F2532160B0021FE0E;
			remoteInfo = reyan;
		};
/* End PBXContainerItemProxy section */

/* Begin PBXFileReference section */
		08745F589F42937201EAD41C /* Pods-reyan.debug.xcconfig */ = {isa = PBXFileReference; includeInIndex = 1; lastKnownFileType = text.xcconfig; name = "Pods-reyan.debug.xcconfig"; path = "Target Support Files/Pods-reyan/Pods-reyan.debug.xcconfig"; sourceTree = "<group>"; };
		230047422AF75AA1A9BDD882 /* libPods-reyan.a */ = {isa = PBXFileReference; explicitFileType = archive.ar; includeInIndex = 0; path = "libPods-reyan.a"; sourceTree = BUILT_PRODUCTS_DIR; };
		E77AD38725827FFD004FD632 /* JuzLineView.swift */ = {isa = PBXFileReference; lastKnownFileType = sourcecode.swift; path = JuzLineView.swift; sourceTree = "<group>"; };
		E77AD38C258291F5004FD632 /* JuzListView.swift */ = {isa = PBXFileReference; lastKnownFileType = sourcecode.swift; path = JuzListView.swift; sourceTree = "<group>"; };
		E77AD39425829F86004FD632 /* JuzListStateCollector.swift */ = {isa = PBXFileReference; lastKnownFileType = sourcecode.swift; path = JuzListStateCollector.swift; sourceTree = "<group>"; };
		E77AD3992582A282004FD632 /* JuzTitleArray.swift */ = {isa = PBXFileReference; lastKnownFileType = sourcecode.swift; path = JuzTitleArray.swift; sourceTree = "<group>"; };
		E78EFD5D2533509900886039 /* AppDelegate.swift */ = {isa = PBXFileReference; fileEncoding = 4; lastKnownFileType = sourcecode.swift; path = AppDelegate.swift; sourceTree = "<group>"; };
		E78EFD5E2533509A00886039 /* SceneDelegate.swift */ = {isa = PBXFileReference; fileEncoding = 4; lastKnownFileType = sourcecode.swift; path = SceneDelegate.swift; sourceTree = "<group>"; };
		E78EFD69253351C000886039 /* Navigation.swift */ = {isa = PBXFileReference; fileEncoding = 4; lastKnownFileType = sourcecode.swift; path = Navigation.swift; sourceTree = "<group>"; };
		E78EFD7C2533541100886039 /* QuranHomeViewParent.swift */ = {isa = PBXFileReference; fileEncoding = 4; lastKnownFileType = sourcecode.swift; path = QuranHomeViewParent.swift; sourceTree = "<group>"; };
		E78EFD7D2533541100886039 /* QuranHomeView.swift */ = {isa = PBXFileReference; fileEncoding = 4; lastKnownFileType = sourcecode.swift; path = QuranHomeView.swift; sourceTree = "<group>"; };
		E78EFD8C253355E500886039 /* QuranHomeStateCollector.swift */ = {isa = PBXFileReference; fileEncoding = 4; lastKnownFileType = sourcecode.swift; path = QuranHomeStateCollector.swift; sourceTree = "<group>"; };
		E78EFD9C2533588C00886039 /* ReyanModule.swift */ = {isa = PBXFileReference; fileEncoding = 4; lastKnownFileType = sourcecode.swift; path = ReyanModule.swift; sourceTree = "<group>"; };
		E78EFDA52533598400886039 /* SearchViewParent.swift */ = {isa = PBXFileReference; fileEncoding = 4; lastKnownFileType = sourcecode.swift; path = SearchViewParent.swift; sourceTree = "<group>"; };
		E78EFDA62533598400886039 /* SearchView.swift */ = {isa = PBXFileReference; fileEncoding = 4; lastKnownFileType = sourcecode.swift; path = SearchView.swift; sourceTree = "<group>"; };
		E78EFDF02533680200886039 /* Base */ = {isa = PBXFileReference; lastKnownFileType = file.storyboard; name = Base; path = Base.lproj/LaunchScreen.storyboard; sourceTree = "<group>"; };
		E796EC38253836720025072F /* DICore.swift */ = {isa = PBXFileReference; lastKnownFileType = sourcecode.swift; path = DICore.swift; sourceTree = "<group>"; };
		E796EC3D253837260025072F /* DIRegister.swift */ = {isa = PBXFileReference; lastKnownFileType = sourcecode.swift; path = DIRegister.swift; sourceTree = "<group>"; };
		E7B512972580102900B88771 /* JuzRowView.swift */ = {isa = PBXFileReference; lastKnownFileType = sourcecode.swift; path = JuzRowView.swift; sourceTree = "<group>"; };
		E7BDEBFD2590829600F8504F /* TabView.swift */ = {isa = PBXFileReference; lastKnownFileType = sourcecode.swift; path = TabView.swift; sourceTree = "<group>"; };
		E7BDEC032590BDAA00F8504F /* HomeSettingsView.swift */ = {isa = PBXFileReference; fileEncoding = 4; lastKnownFileType = sourcecode.swift; path = HomeSettingsView.swift; sourceTree = "<group>"; };
		E7BDEC042590BDAA00F8504F /* HomeSettingsViewParent.swift */ = {isa = PBXFileReference; fileEncoding = 4; lastKnownFileType = sourcecode.swift; path = HomeSettingsViewParent.swift; sourceTree = "<group>"; };
		E7BDEC0B2590C02500F8504F /* SurahViewParent.swift */ = {isa = PBXFileReference; fileEncoding = 4; lastKnownFileType = sourcecode.swift; name = SurahViewParent.swift; path = reyan/Surah/SurahViewParent.swift; sourceTree = SOURCE_ROOT; };
		E7BDEC0C2590C02500F8504F /* SurahView.swift */ = {isa = PBXFileReference; fileEncoding = 4; lastKnownFileType = sourcecode.swift; name = SurahView.swift; path = reyan/Surah/SurahView.swift; sourceTree = SOURCE_ROOT; };
		E7BDEC1C259BF13200F8504F /* SurahStateCollector.swift */ = {isa = PBXFileReference; lastKnownFileType = sourcecode.swift; name = SurahStateCollector.swift; path = reyan/QuranHome/SurahStateCollector.swift; sourceTree = SOURCE_ROOT; };
		E7CAB2922570EB3B00E6D753 /* SearchBarView.swift */ = {isa = PBXFileReference; lastKnownFileType = sourcecode.swift; path = SearchBarView.swift; sourceTree = "<group>"; };
		E7CAB2A325740EC700E6D753 /* SurahListView.swift */ = {isa = PBXFileReference; lastKnownFileType = sourcecode.swift; path = SurahListView.swift; sourceTree = "<group>"; };
		E7CAB2A82574100D00E6D753 /* SurahRowView.swift */ = {isa = PBXFileReference; lastKnownFileType = sourcecode.swift; path = SurahRowView.swift; sourceTree = "<group>"; };
		E7CAB2B225741F1E00E6D753 /* Utils.swift */ = {isa = PBXFileReference; lastKnownFileType = sourcecode.swift; path = Utils.swift; sourceTree = "<group>"; };
		E7CAB2B725741F3900E6D753 /* RemoveSeperateLinesInList.swift */ = {isa = PBXFileReference; lastKnownFileType = sourcecode.swift; path = RemoveSeperateLinesInList.swift; sourceTree = "<group>"; };
		E7CAB2C02578D78C00E6D753 /* SurahListStateCollector.swift */ = {isa = PBXFileReference; lastKnownFileType = sourcecode.swift; path = SurahListStateCollector.swift; sourceTree = "<group>"; };
		E7D547EE255D264100F6BC73 /* Router+MVI.swift */ = {isa = PBXFileReference; lastKnownFileType = sourcecode.swift; path = "Router+MVI.swift"; sourceTree = "<group>"; };
		E7D6F7412561AAE4006C17EB /* DatabaseFillerUsecase.swift */ = {isa = PBXFileReference; lastKnownFileType = sourcecode.swift; path = DatabaseFillerUsecase.swift; sourceTree = "<group>"; };
		E7FA3FE22566557C00B8FCE7 /* quran-farsi-makarem.json */ = {isa = PBXFileReference; fileEncoding = 4; lastKnownFileType = text.json; path = "quran-farsi-makarem.json"; sourceTree = "<group>"; };
		E7FA3FE32566557C00B8FCE7 /* quran-simple-one-line.json */ = {isa = PBXFileReference; fileEncoding = 4; lastKnownFileType = text.json; path = "quran-simple-one-line.json"; sourceTree = "<group>"; };
		E7FA3FE42566557C00B8FCE7 /* quran-data.json */ = {isa = PBXFileReference; fileEncoding = 4; lastKnownFileType = text.json; path = "quran-data.json"; sourceTree = "<group>"; };
		E7FA3FE52566557C00B8FCE7 /* quran-en-Abdullah-Yusuf-Ali.json */ = {isa = PBXFileReference; fileEncoding = 4; lastKnownFileType = text.json; path = "quran-en-Abdullah-Yusuf-Ali.json"; sourceTree = "<group>"; };
		F9275E102532160B0021FE0E /* reyan.app */ = {isa = PBXFileReference; explicitFileType = wrapper.application; includeInIndex = 0; path = reyan.app; sourceTree = BUILT_PRODUCTS_DIR; };
		F9275E152532160B0021FE0E /* TestView.swift */ = {isa = PBXFileReference; lastKnownFileType = sourcecode.swift; path = TestView.swift; sourceTree = "<group>"; };
		F9275E172532160D0021FE0E /* Assets.xcassets */ = {isa = PBXFileReference; lastKnownFileType = folder.assetcatalog; path = Assets.xcassets; sourceTree = "<group>"; };
		F9275E1A2532160D0021FE0E /* Preview Assets.xcassets */ = {isa = PBXFileReference; lastKnownFileType = folder.assetcatalog; path = "Preview Assets.xcassets"; sourceTree = "<group>"; };
		F9275E1C2532160D0021FE0E /* Info.plist */ = {isa = PBXFileReference; lastKnownFileType = text.plist.xml; path = Info.plist; sourceTree = "<group>"; };
		F9275E212532160D0021FE0E /* reyanTests.xctest */ = {isa = PBXFileReference; explicitFileType = wrapper.cfbundle; includeInIndex = 0; path = reyanTests.xctest; sourceTree = BUILT_PRODUCTS_DIR; };
		F9275E2C2532160D0021FE0E /* reyanUITests.xctest */ = {isa = PBXFileReference; explicitFileType = wrapper.cfbundle; includeInIndex = 0; path = reyanUITests.xctest; sourceTree = BUILT_PRODUCTS_DIR; };
		F9275E302532160D0021FE0E /* reyanUITests.swift */ = {isa = PBXFileReference; lastKnownFileType = sourcecode.swift; path = reyanUITests.swift; sourceTree = "<group>"; };
		F9275E322532160D0021FE0E /* Info.plist */ = {isa = PBXFileReference; lastKnownFileType = text.plist.xml; path = Info.plist; sourceTree = "<group>"; };
		F9CC016B259DD30E00E527FE /* Base32.swift */ = {isa = PBXFileReference; lastKnownFileType = sourcecode.swift; path = Base32.swift; sourceTree = "<group>"; };
		FF37CD3337C4F5708B61F685 /* Pods-reyan.release.xcconfig */ = {isa = PBXFileReference; includeInIndex = 1; lastKnownFileType = text.xcconfig; name = "Pods-reyan.release.xcconfig"; path = "Target Support Files/Pods-reyan/Pods-reyan.release.xcconfig"; sourceTree = "<group>"; };
/* End PBXFileReference section */

/* Begin PBXFrameworksBuildPhase section */
		F9275E0D2532160B0021FE0E /* Frameworks */ = {
			isa = PBXFrameworksBuildPhase;
			buildActionMask = 2147483647;
			files = (
				E796EC2625376ACC0025072F /* Resolver in Frameworks */,
				E78EFD3225330F4F00886039 /* NavigationRouter in Frameworks */,
				D588B2044C49CDABEB6E19EB /* libPods-reyan.a in Frameworks */,
			);
			runOnlyForDeploymentPostprocessing = 0;
		};
		F9275E1E2532160D0021FE0E /* Frameworks */ = {
			isa = PBXFrameworksBuildPhase;
			buildActionMask = 2147483647;
			files = (
			);
			runOnlyForDeploymentPostprocessing = 0;
		};
		F9275E292532160D0021FE0E /* Frameworks */ = {
			isa = PBXFrameworksBuildPhase;
			buildActionMask = 2147483647;
			files = (
			);
			runOnlyForDeploymentPostprocessing = 0;
		};
/* End PBXFrameworksBuildPhase section */

/* Begin PBXGroup section */
		18D0A90FA6FDDABE7F37BB4B /* Pods */ = {
			isa = PBXGroup;
			children = (
				08745F589F42937201EAD41C /* Pods-reyan.debug.xcconfig */,
				FF37CD3337C4F5708B61F685 /* Pods-reyan.release.xcconfig */,
			);
			path = Pods;
			sourceTree = "<group>";
		};
		BA56EEA130CA14FF5817DCED /* Frameworks */ = {
			isa = PBXGroup;
			children = (
				230047422AF75AA1A9BDD882 /* libPods-reyan.a */,
			);
			name = Frameworks;
			sourceTree = "<group>";
		};
		E78EFD67253351C000886039 /* Navigation */ = {
			isa = PBXGroup;
			children = (
				E78EFD69253351C000886039 /* Navigation.swift */,
				E7D547EE255D264100F6BC73 /* Router+MVI.swift */,
			);
			path = Navigation;
			sourceTree = "<group>";
		};
		E78EFD7B2533541100886039 /* QuranHome */ = {
			isa = PBXGroup;
			children = (
				E78EFD7C2533541100886039 /* QuranHomeViewParent.swift */,
				E78EFD7D2533541100886039 /* QuranHomeView.swift */,
				E78EFD8C253355E500886039 /* QuranHomeStateCollector.swift */,
				E7BDEBFD2590829600F8504F /* TabView.swift */,
			);
			path = QuranHome;
			sourceTree = "<group>";
		};
		E78EFDA42533598400886039 /* Search */ = {
			isa = PBXGroup;
			children = (
				E78EFDA52533598400886039 /* SearchViewParent.swift */,
				E78EFDA62533598400886039 /* SearchView.swift */,
			);
			name = Search;
			path = reyan/Search;
			sourceTree = SOURCE_ROOT;
		};
		E796EC2A253794180025072F /* DI */ = {
			isa = PBXGroup;
			children = (
				E796EC38253836720025072F /* DICore.swift */,
				E796EC3D253837260025072F /* DIRegister.swift */,
			);
			path = DI;
			sourceTree = "<group>";
		};
		E7B5129625800FF900B88771 /* juzList */ = {
			isa = PBXGroup;
			children = (
				E7B512972580102900B88771 /* JuzRowView.swift */,
				E77AD38C258291F5004FD632 /* JuzListView.swift */,
				E77AD39425829F86004FD632 /* JuzListStateCollector.swift */,
				E77AD3992582A282004FD632 /* JuzTitleArray.swift */,
			);
			path = juzList;
			sourceTree = "<group>";
		};
		E7BDEC022590BD3D00F8504F /* HomeSettings */ = {
			isa = PBXGroup;
			children = (
				E7BDEC032590BDAA00F8504F /* HomeSettingsView.swift */,
				E7BDEC042590BDAA00F8504F /* HomeSettingsViewParent.swift */,
			);
			path = HomeSettings;
			sourceTree = "<group>";
		};
		E7BDEC0A2590BFB200F8504F /*  Surah */ = {
			isa = PBXGroup;
			children = (
				E7BDEC0C2590C02500F8504F /* SurahView.swift */,
				E7BDEC0B2590C02500F8504F /* SurahViewParent.swift */,
				E7BDEC1C259BF13200F8504F /* SurahStateCollector.swift */,
			);
			path = " Surah";
			sourceTree = "<group>";
		};
		E7CAB2972570EB4100E6D753 /* CommonUI */ = {
			isa = PBXGroup;
			children = (
				E7CAB2922570EB3B00E6D753 /* SearchBarView.swift */,
				E77AD38725827FFD004FD632 /* JuzLineView.swift */,
			);
			path = CommonUI;
			sourceTree = "<group>";
		};
		E7CAB2BC2578D28F00E6D753 /* SurahList */ = {
			isa = PBXGroup;
			children = (
				E7CAB2A82574100D00E6D753 /* SurahRowView.swift */,
				E7CAB2A325740EC700E6D753 /* SurahListView.swift */,
				E7CAB2C02578D78C00E6D753 /* SurahListStateCollector.swift */,
			);
			path = SurahList;
			sourceTree = "<group>";
		};
		E7D6F7402561AABF006C17EB /* DB */ = {
			isa = PBXGroup;
			children = (
				E7D6F7412561AAE4006C17EB /* DatabaseFillerUsecase.swift */,
			);
			path = DB;
			sourceTree = "<group>";
		};
		E7FA3FDB2565A6B700B8FCE7 /* resources */ = {
			isa = PBXGroup;
			children = (
				E7FA3FE42566557C00B8FCE7 /* quran-data.json */,
				E7FA3FE52566557C00B8FCE7 /* quran-en-Abdullah-Yusuf-Ali.json */,
				E7FA3FE22566557C00B8FCE7 /* quran-farsi-makarem.json */,
				E7FA3FE32566557C00B8FCE7 /* quran-simple-one-line.json */,
			);
			path = resources;
			sourceTree = "<group>";
		};
		F9275E072532160B0021FE0E = {
			isa = PBXGroup;
			children = (
				F9275E122532160B0021FE0E /* reyan */,
				F9275E2F2532160D0021FE0E /* reyanUITests */,
				F9275E112532160B0021FE0E /* Products */,
				18D0A90FA6FDDABE7F37BB4B /* Pods */,
				BA56EEA130CA14FF5817DCED /* Frameworks */,
			);
			sourceTree = "<group>";
		};
		F9275E112532160B0021FE0E /* Products */ = {
			isa = PBXGroup;
			children = (
				F9275E102532160B0021FE0E /* reyan.app */,
				F9275E212532160D0021FE0E /* reyanTests.xctest */,
				F9275E2C2532160D0021FE0E /* reyanUITests.xctest */,
			);
			name = Products;
			sourceTree = "<group>";
		};
		F9275E122532160B0021FE0E /* reyan */ = {
			isa = PBXGroup;
			children = (
				E78EFD9C2533588C00886039 /* ReyanModule.swift */,
				E78EFD5D2533509900886039 /* AppDelegate.swift */,
				E78EFD5E2533509A00886039 /* SceneDelegate.swift */,
				E78EFDEF2533680200886039 /* LaunchScreen.storyboard */,
				F9275E152532160B0021FE0E /* TestView.swift */,
				F9275E172532160D0021FE0E /* Assets.xcassets */,
				F9275E1C2532160D0021FE0E /* Info.plist */,
				E7FA3FDB2565A6B700B8FCE7 /* resources */,
				E7CAB2972570EB4100E6D753 /* CommonUI */,
				E7D6F7402561AABF006C17EB /* DB */,
				E796EC2A253794180025072F /* DI */,
				E78EFD67253351C000886039 /* Navigation */,
				E78EFD7B2533541100886039 /* QuranHome */,
				E7B5129625800FF900B88771 /* juzList */,
				E7CAB2BC2578D28F00E6D753 /* SurahList */,
				E78EFDA42533598400886039 /* Search */,
				E7BDEC022590BD3D00F8504F /* HomeSettings */,
				E7BDEC0A2590BFB200F8504F /*  Surah */,
				F9275E192532160D0021FE0E /* Preview Content */,
				E7CAB2B225741F1E00E6D753 /* Utils.swift */,
				E7CAB2B725741F3900E6D753 /* RemoveSeperateLinesInList.swift */,
				F9CC016B259DD30E00E527FE /* Base32.swift */,
			);
			path = reyan;
			sourceTree = "<group>";
		};
		F9275E192532160D0021FE0E /* Preview Content */ = {
			isa = PBXGroup;
			children = (
				F9275E1A2532160D0021FE0E /* Preview Assets.xcassets */,
			);
			path = "Preview Content";
			sourceTree = "<group>";
		};
		F9275E2F2532160D0021FE0E /* reyanUITests */ = {
			isa = PBXGroup;
			children = (
				F9275E302532160D0021FE0E /* reyanUITests.swift */,
				F9275E322532160D0021FE0E /* Info.plist */,
			);
			path = reyanUITests;
			sourceTree = "<group>";
		};
/* End PBXGroup section */

/* Begin PBXNativeTarget section */
		F9275E0F2532160B0021FE0E /* reyan */ = {
			isa = PBXNativeTarget;
			buildConfigurationList = F9275E352532160D0021FE0E /* Build configuration list for PBXNativeTarget "reyan" */;
			buildPhases = (
				D4318394339F08CFF132A47B /* [CP] Check Pods Manifest.lock */,
				F9275E0C2532160B0021FE0E /* Sources */,
				F9275E0D2532160B0021FE0E /* Frameworks */,
				F9275E0E2532160B0021FE0E /* Resources */,
			);
			buildRules = (
			);
			dependencies = (
			);
			name = reyan;
			packageProductDependencies = (
				E78EFD3125330F4F00886039 /* NavigationRouter */,
				E796EC2525376ACC0025072F /* Resolver */,
			);
			productName = reyan;
			productReference = F9275E102532160B0021FE0E /* reyan.app */;
			productType = "com.apple.product-type.application";
		};
		F9275E202532160D0021FE0E /* reyanTests */ = {
			isa = PBXNativeTarget;
			buildConfigurationList = F9275E382532160D0021FE0E /* Build configuration list for PBXNativeTarget "reyanTests" */;
			buildPhases = (
				F9275E1D2532160D0021FE0E /* Sources */,
				F9275E1E2532160D0021FE0E /* Frameworks */,
				F9275E1F2532160D0021FE0E /* Resources */,
			);
			buildRules = (
			);
			dependencies = (
				F9275E232532160D0021FE0E /* PBXTargetDependency */,
			);
			name = reyanTests;
			productName = reyanTests;
			productReference = F9275E212532160D0021FE0E /* reyanTests.xctest */;
			productType = "com.apple.product-type.bundle.unit-test";
		};
		F9275E2B2532160D0021FE0E /* reyanUITests */ = {
			isa = PBXNativeTarget;
			buildConfigurationList = F9275E3B2532160D0021FE0E /* Build configuration list for PBXNativeTarget "reyanUITests" */;
			buildPhases = (
				F9275E282532160D0021FE0E /* Sources */,
				F9275E292532160D0021FE0E /* Frameworks */,
				F9275E2A2532160D0021FE0E /* Resources */,
			);
			buildRules = (
			);
			dependencies = (
				F9275E2E2532160D0021FE0E /* PBXTargetDependency */,
			);
			name = reyanUITests;
			productName = reyanUITests;
			productReference = F9275E2C2532160D0021FE0E /* reyanUITests.xctest */;
			productType = "com.apple.product-type.bundle.ui-testing";
		};
/* End PBXNativeTarget section */

/* Begin PBXProject section */
		F9275E082532160B0021FE0E /* Project object */ = {
			isa = PBXProject;
			attributes = {
				LastSwiftUpdateCheck = 1200;
				LastUpgradeCheck = 1200;
				TargetAttributes = {
					F9275E0F2532160B0021FE0E = {
						CreatedOnToolsVersion = 12.0.1;
					};
					F9275E202532160D0021FE0E = {
						CreatedOnToolsVersion = 12.0.1;
						TestTargetID = F9275E0F2532160B0021FE0E;
					};
					F9275E2B2532160D0021FE0E = {
						CreatedOnToolsVersion = 12.0.1;
						TestTargetID = F9275E0F2532160B0021FE0E;
					};
				};
			};
			buildConfigurationList = F9275E0B2532160B0021FE0E /* Build configuration list for PBXProject "reyan" */;
			compatibilityVersion = "Xcode 9.3";
			developmentRegion = en;
			hasScannedForEncodings = 0;
			knownRegions = (
				en,
				Base,
			);
			mainGroup = F9275E072532160B0021FE0E;
			packageReferences = (
				E78EFD3025330F4F00886039 /* XCRemoteSwiftPackageReference "NavigationRouter" */,
				E796EC2425376ACC0025072F /* XCRemoteSwiftPackageReference "Resolver" */,
			);
			productRefGroup = F9275E112532160B0021FE0E /* Products */;
			projectDirPath = "";
			projectRoot = "";
			targets = (
				F9275E0F2532160B0021FE0E /* reyan */,
				F9275E202532160D0021FE0E /* reyanTests */,
				F9275E2B2532160D0021FE0E /* reyanUITests */,
			);
		};
/* End PBXProject section */

/* Begin PBXResourcesBuildPhase section */
		F9275E0E2532160B0021FE0E /* Resources */ = {
			isa = PBXResourcesBuildPhase;
			buildActionMask = 2147483647;
			files = (
				E7FA3FE62566557D00B8FCE7 /* quran-farsi-makarem.json in Resources */,
				E7FA3FE92566557D00B8FCE7 /* quran-en-Abdullah-Yusuf-Ali.json in Resources */,
				E7FA3FE72566557D00B8FCE7 /* quran-simple-one-line.json in Resources */,
				E78EFDF12533680200886039 /* LaunchScreen.storyboard in Resources */,
				F9275E1B2532160D0021FE0E /* Preview Assets.xcassets in Resources */,
				F9275E182532160D0021FE0E /* Assets.xcassets in Resources */,
				E7FA3FE82566557D00B8FCE7 /* quran-data.json in Resources */,
			);
			runOnlyForDeploymentPostprocessing = 0;
		};
		F9275E1F2532160D0021FE0E /* Resources */ = {
			isa = PBXResourcesBuildPhase;
			buildActionMask = 2147483647;
			files = (
			);
			runOnlyForDeploymentPostprocessing = 0;
		};
		F9275E2A2532160D0021FE0E /* Resources */ = {
			isa = PBXResourcesBuildPhase;
			buildActionMask = 2147483647;
			files = (
			);
			runOnlyForDeploymentPostprocessing = 0;
		};
/* End PBXResourcesBuildPhase section */

/* Begin PBXShellScriptBuildPhase section */
		D4318394339F08CFF132A47B /* [CP] Check Pods Manifest.lock */ = {
			isa = PBXShellScriptBuildPhase;
			buildActionMask = 2147483647;
			files = (
			);
			inputFileListPaths = (
			);
			inputPaths = (
				"${PODS_PODFILE_DIR_PATH}/Podfile.lock",
				"${PODS_ROOT}/Manifest.lock",
			);
			name = "[CP] Check Pods Manifest.lock";
			outputFileListPaths = (
			);
			outputPaths = (
				"$(DERIVED_FILE_DIR)/Pods-reyan-checkManifestLockResult.txt",
			);
			runOnlyForDeploymentPostprocessing = 0;
			shellPath = /bin/sh;
			shellScript = "diff \"${PODS_PODFILE_DIR_PATH}/Podfile.lock\" \"${PODS_ROOT}/Manifest.lock\" > /dev/null\nif [ $? != 0 ] ; then\n    # print error to STDERR\n    echo \"error: The sandbox is not in sync with the Podfile.lock. Run 'pod install' or update your CocoaPods installation.\" >&2\n    exit 1\nfi\n# This output is used by Xcode 'outputs' to avoid re-running this script phase.\necho \"SUCCESS\" > \"${SCRIPT_OUTPUT_FILE_0}\"\n";
			showEnvVarsInLog = 0;
		};
/* End PBXShellScriptBuildPhase section */

/* Begin PBXSourcesBuildPhase section */
		F9275E0C2532160B0021FE0E /* Sources */ = {
			isa = PBXSourcesBuildPhase;
			buildActionMask = 2147483647;
			files = (
				E7CAB2B825741F3900E6D753 /* RemoveSeperateLinesInList.swift in Sources */,
				E7CAB2A92574100D00E6D753 /* SurahRowView.swift in Sources */,
				E7BDEC052590BDAA00F8504F /* HomeSettingsView.swift in Sources */,
				E7BDEBFE2590829600F8504F /* TabView.swift in Sources */,
				E7BDEC0E2590C02500F8504F /* SurahView.swift in Sources */,
				E7BDEC1D259BF13300F8504F /* SurahStateCollector.swift in Sources */,
				E77AD38825827FFD004FD632 /* JuzLineView.swift in Sources */,
				F9CC016C259DD30E00E527FE /* Base32.swift in Sources */,
				E78EFD5F2533509A00886039 /* AppDelegate.swift in Sources */,
				E78EFD602533509A00886039 /* SceneDelegate.swift in Sources */,
				E78EFD9D2533588C00886039 /* ReyanModule.swift in Sources */,
				E7B512982580102900B88771 /* JuzRowView.swift in Sources */,
				E7CAB2C12578D78C00E6D753 /* SurahListStateCollector.swift in Sources */,
				E7BDEC062590BDAA00F8504F /* HomeSettingsViewParent.swift in Sources */,
				E78EFD6E253351C000886039 /* Navigation.swift in Sources */,
				E7D6F7422561AAE4006C17EB /* DatabaseFillerUsecase.swift in Sources */,
				E78EFD8D253355E500886039 /* QuranHomeStateCollector.swift in Sources */,
				E7D547EF255D264100F6BC73 /* Router+MVI.swift in Sources */,
				E7BDEC0D2590C02500F8504F /* SurahViewParent.swift in Sources */,
				E796EC39253836720025072F /* DICore.swift in Sources */,
				E7CAB2A425740EC700E6D753 /* SurahListView.swift in Sources */,
				E78EFDA82533598400886039 /* SearchView.swift in Sources */,
				E77AD39A2582A282004FD632 /* JuzTitleArray.swift in Sources */,
				E7CAB2B325741F1E00E6D753 /* Utils.swift in Sources */,
				E796EC3E253837260025072F /* DIRegister.swift in Sources */,
				E7CAB2932570EB3B00E6D753 /* SearchBarView.swift in Sources */,
				F9275E162532160B0021FE0E /* TestView.swift in Sources */,
				E77AD39525829F86004FD632 /* JuzListStateCollector.swift in Sources */,
				E77AD38D258291F5004FD632 /* JuzListView.swift in Sources */,
				E78EFDA72533598400886039 /* SearchViewParent.swift in Sources */,
				E78EFD7E2533541100886039 /* QuranHomeViewParent.swift in Sources */,
				E78EFD7F2533541100886039 /* QuranHomeView.swift in Sources */,
			);
			runOnlyForDeploymentPostprocessing = 0;
		};
		F9275E1D2532160D0021FE0E /* Sources */ = {
			isa = PBXSourcesBuildPhase;
			buildActionMask = 2147483647;
			files = (
			);
			runOnlyForDeploymentPostprocessing = 0;
		};
		F9275E282532160D0021FE0E /* Sources */ = {
			isa = PBXSourcesBuildPhase;
			buildActionMask = 2147483647;
			files = (
				F9275E312532160D0021FE0E /* reyanUITests.swift in Sources */,
			);
			runOnlyForDeploymentPostprocessing = 0;
		};
/* End PBXSourcesBuildPhase section */

/* Begin PBXTargetDependency section */
		F9275E232532160D0021FE0E /* PBXTargetDependency */ = {
			isa = PBXTargetDependency;
			target = F9275E0F2532160B0021FE0E /* reyan */;
			targetProxy = F9275E222532160D0021FE0E /* PBXContainerItemProxy */;
		};
		F9275E2E2532160D0021FE0E /* PBXTargetDependency */ = {
			isa = PBXTargetDependency;
			target = F9275E0F2532160B0021FE0E /* reyan */;
			targetProxy = F9275E2D2532160D0021FE0E /* PBXContainerItemProxy */;
		};
/* End PBXTargetDependency section */

/* Begin PBXVariantGroup section */
		E78EFDEF2533680200886039 /* LaunchScreen.storyboard */ = {
			isa = PBXVariantGroup;
			children = (
				E78EFDF02533680200886039 /* Base */,
			);
			name = LaunchScreen.storyboard;
			sourceTree = "<group>";
		};
/* End PBXVariantGroup section */

/* Begin XCBuildConfiguration section */
		F9275E332532160D0021FE0E /* Debug */ = {
			isa = XCBuildConfiguration;
			buildSettings = {
				ALWAYS_SEARCH_USER_PATHS = NO;
				CLANG_ANALYZER_NONNULL = YES;
				CLANG_ANALYZER_NUMBER_OBJECT_CONVERSION = YES_AGGRESSIVE;
				CLANG_CXX_LANGUAGE_STANDARD = "gnu++14";
				CLANG_CXX_LIBRARY = "libc++";
				CLANG_ENABLE_MODULES = YES;
				CLANG_ENABLE_OBJC_ARC = YES;
				CLANG_ENABLE_OBJC_WEAK = YES;
				CLANG_WARN_BLOCK_CAPTURE_AUTORELEASING = YES;
				CLANG_WARN_BOOL_CONVERSION = YES;
				CLANG_WARN_COMMA = YES;
				CLANG_WARN_CONSTANT_CONVERSION = YES;
				CLANG_WARN_DEPRECATED_OBJC_IMPLEMENTATIONS = YES;
				CLANG_WARN_DIRECT_OBJC_ISA_USAGE = YES_ERROR;
				CLANG_WARN_DOCUMENTATION_COMMENTS = YES;
				CLANG_WARN_EMPTY_BODY = YES;
				CLANG_WARN_ENUM_CONVERSION = YES;
				CLANG_WARN_INFINITE_RECURSION = YES;
				CLANG_WARN_INT_CONVERSION = YES;
				CLANG_WARN_NON_LITERAL_NULL_CONVERSION = YES;
				CLANG_WARN_OBJC_IMPLICIT_RETAIN_SELF = YES;
				CLANG_WARN_OBJC_LITERAL_CONVERSION = YES;
				CLANG_WARN_OBJC_ROOT_CLASS = YES_ERROR;
				CLANG_WARN_QUOTED_INCLUDE_IN_FRAMEWORK_HEADER = YES;
				CLANG_WARN_RANGE_LOOP_ANALYSIS = YES;
				CLANG_WARN_STRICT_PROTOTYPES = YES;
				CLANG_WARN_SUSPICIOUS_MOVE = YES;
				CLANG_WARN_UNGUARDED_AVAILABILITY = YES_AGGRESSIVE;
				CLANG_WARN_UNREACHABLE_CODE = YES;
				CLANG_WARN__DUPLICATE_METHOD_MATCH = YES;
				COPY_PHASE_STRIP = NO;
				DEBUG_INFORMATION_FORMAT = dwarf;
				ENABLE_STRICT_OBJC_MSGSEND = YES;
				ENABLE_TESTABILITY = YES;
				GCC_C_LANGUAGE_STANDARD = gnu11;
				GCC_DYNAMIC_NO_PIC = NO;
				GCC_NO_COMMON_BLOCKS = YES;
				GCC_OPTIMIZATION_LEVEL = 0;
				GCC_PREPROCESSOR_DEFINITIONS = (
					"DEBUG=1",
					"$(inherited)",
				);
				GCC_WARN_64_TO_32_BIT_CONVERSION = YES;
				GCC_WARN_ABOUT_RETURN_TYPE = YES_ERROR;
				GCC_WARN_UNDECLARED_SELECTOR = YES;
				GCC_WARN_UNINITIALIZED_AUTOS = YES_AGGRESSIVE;
				GCC_WARN_UNUSED_FUNCTION = YES;
				GCC_WARN_UNUSED_VARIABLE = YES;
				IPHONEOS_DEPLOYMENT_TARGET = 13.0;
				MTL_ENABLE_DEBUG_INFO = INCLUDE_SOURCE;
				MTL_FAST_MATH = YES;
				ONLY_ACTIVE_ARCH = YES;
				SDKROOT = iphoneos;
				SWIFT_ACTIVE_COMPILATION_CONDITIONS = DEBUG;
				SWIFT_OPTIMIZATION_LEVEL = "-Onone";
			};
			name = Debug;
		};
		F9275E342532160D0021FE0E /* Release */ = {
			isa = XCBuildConfiguration;
			buildSettings = {
				ALWAYS_SEARCH_USER_PATHS = NO;
				CLANG_ANALYZER_NONNULL = YES;
				CLANG_ANALYZER_NUMBER_OBJECT_CONVERSION = YES_AGGRESSIVE;
				CLANG_CXX_LANGUAGE_STANDARD = "gnu++14";
				CLANG_CXX_LIBRARY = "libc++";
				CLANG_ENABLE_MODULES = YES;
				CLANG_ENABLE_OBJC_ARC = YES;
				CLANG_ENABLE_OBJC_WEAK = YES;
				CLANG_WARN_BLOCK_CAPTURE_AUTORELEASING = YES;
				CLANG_WARN_BOOL_CONVERSION = YES;
				CLANG_WARN_COMMA = YES;
				CLANG_WARN_CONSTANT_CONVERSION = YES;
				CLANG_WARN_DEPRECATED_OBJC_IMPLEMENTATIONS = YES;
				CLANG_WARN_DIRECT_OBJC_ISA_USAGE = YES_ERROR;
				CLANG_WARN_DOCUMENTATION_COMMENTS = YES;
				CLANG_WARN_EMPTY_BODY = YES;
				CLANG_WARN_ENUM_CONVERSION = YES;
				CLANG_WARN_INFINITE_RECURSION = YES;
				CLANG_WARN_INT_CONVERSION = YES;
				CLANG_WARN_NON_LITERAL_NULL_CONVERSION = YES;
				CLANG_WARN_OBJC_IMPLICIT_RETAIN_SELF = YES;
				CLANG_WARN_OBJC_LITERAL_CONVERSION = YES;
				CLANG_WARN_OBJC_ROOT_CLASS = YES_ERROR;
				CLANG_WARN_QUOTED_INCLUDE_IN_FRAMEWORK_HEADER = YES;
				CLANG_WARN_RANGE_LOOP_ANALYSIS = YES;
				CLANG_WARN_STRICT_PROTOTYPES = YES;
				CLANG_WARN_SUSPICIOUS_MOVE = YES;
				CLANG_WARN_UNGUARDED_AVAILABILITY = YES_AGGRESSIVE;
				CLANG_WARN_UNREACHABLE_CODE = YES;
				CLANG_WARN__DUPLICATE_METHOD_MATCH = YES;
				COPY_PHASE_STRIP = NO;
				DEBUG_INFORMATION_FORMAT = "dwarf-with-dsym";
				ENABLE_NS_ASSERTIONS = NO;
				ENABLE_STRICT_OBJC_MSGSEND = YES;
				GCC_C_LANGUAGE_STANDARD = gnu11;
				GCC_NO_COMMON_BLOCKS = YES;
				GCC_WARN_64_TO_32_BIT_CONVERSION = YES;
				GCC_WARN_ABOUT_RETURN_TYPE = YES_ERROR;
				GCC_WARN_UNDECLARED_SELECTOR = YES;
				GCC_WARN_UNINITIALIZED_AUTOS = YES_AGGRESSIVE;
				GCC_WARN_UNUSED_FUNCTION = YES;
				GCC_WARN_UNUSED_VARIABLE = YES;
				IPHONEOS_DEPLOYMENT_TARGET = 13.0;
				MTL_ENABLE_DEBUG_INFO = NO;
				MTL_FAST_MATH = YES;
				SDKROOT = iphoneos;
				SWIFT_COMPILATION_MODE = wholemodule;
				SWIFT_OPTIMIZATION_LEVEL = "-O";
				VALIDATE_PRODUCT = YES;
			};
			name = Release;
		};
		F9275E362532160D0021FE0E /* Debug */ = {
			isa = XCBuildConfiguration;
			baseConfigurationReference = 08745F589F42937201EAD41C /* Pods-reyan.debug.xcconfig */;
			buildSettings = {
				ASSETCATALOG_COMPILER_APPICON_NAME = AppIcon;
				ASSETCATALOG_COMPILER_GLOBAL_ACCENT_COLOR_NAME = AccentColor;
				CODE_SIGN_IDENTITY = "Apple Development";
				CODE_SIGN_STYLE = Automatic;
				DEVELOPMENT_ASSET_PATHS = "\"reyan/Preview Content\"";
				DEVELOPMENT_TEAM = 5X85QV25G8;
				ENABLE_PREVIEWS = YES;
				INFOPLIST_FILE = reyan/Info.plist;
				LD_RUNPATH_SEARCH_PATHS = (
					"$(inherited)",
					"@executable_path/Frameworks",
				);
				OTHER_LDFLAGS = (
					"$(inherited)",
					"-ObjC",
					"-l\"c++\"",
					"-lsqlite3",
				);
				PRODUCT_BUNDLE_IDENTIFIER = com.islamversity.reyan;
				PRODUCT_NAME = "$(TARGET_NAME)";
				PROVISIONING_PROFILE_SPECIFIER = "";
				SWIFT_VERSION = 5.0;
				TARGETED_DEVICE_FAMILY = "1,2";
				TVOS_DEPLOYMENT_TARGET = 14.0;
			};
			name = Debug;
		};
		F9275E372532160D0021FE0E /* Release */ = {
			isa = XCBuildConfiguration;
			baseConfigurationReference = FF37CD3337C4F5708B61F685 /* Pods-reyan.release.xcconfig */;
			buildSettings = {
				ASSETCATALOG_COMPILER_APPICON_NAME = AppIcon;
				ASSETCATALOG_COMPILER_GLOBAL_ACCENT_COLOR_NAME = AccentColor;
				CODE_SIGN_IDENTITY = "Apple Development";
				CODE_SIGN_STYLE = Automatic;
				DEVELOPMENT_ASSET_PATHS = "\"reyan/Preview Content\"";
				DEVELOPMENT_TEAM = 5X85QV25G8;
				ENABLE_PREVIEWS = YES;
				INFOPLIST_FILE = reyan/Info.plist;
				LD_RUNPATH_SEARCH_PATHS = (
					"$(inherited)",
					"@executable_path/Frameworks",
				);
				OTHER_LDFLAGS = (
					"$(inherited)",
					"-ObjC",
					"-l\"c++\"",
					"-lsqlite3",
				);
				PRODUCT_BUNDLE_IDENTIFIER = com.islamversity.reyan;
				PRODUCT_NAME = "$(TARGET_NAME)";
				PROVISIONING_PROFILE_SPECIFIER = "";
				SWIFT_VERSION = 5.0;
				TARGETED_DEVICE_FAMILY = "1,2";
				TVOS_DEPLOYMENT_TARGET = 14.0;
			};
			name = Release;
		};
		F9275E392532160D0021FE0E /* Debug */ = {
			isa = XCBuildConfiguration;
			buildSettings = {
				ALWAYS_EMBED_SWIFT_STANDARD_LIBRARIES = YES;
				BUNDLE_LOADER = "$(TEST_HOST)";
				CODE_SIGN_STYLE = Automatic;
				INFOPLIST_FILE = reyanTests/Info.plist;
				IPHONEOS_DEPLOYMENT_TARGET = 14.0;
				LD_RUNPATH_SEARCH_PATHS = (
					"$(inherited)",
					"@executable_path/Frameworks",
					"@loader_path/Frameworks",
				);
				PRODUCT_BUNDLE_IDENTIFIER = com.islamversity.reyanTests;
				PRODUCT_NAME = "$(TARGET_NAME)";
				SWIFT_VERSION = 5.0;
				TARGETED_DEVICE_FAMILY = "1,2";
				TEST_HOST = "$(BUILT_PRODUCTS_DIR)/reyan.app/reyan";
			};
			name = Debug;
		};
		F9275E3A2532160D0021FE0E /* Release */ = {
			isa = XCBuildConfiguration;
			buildSettings = {
				ALWAYS_EMBED_SWIFT_STANDARD_LIBRARIES = YES;
				BUNDLE_LOADER = "$(TEST_HOST)";
				CODE_SIGN_STYLE = Automatic;
				INFOPLIST_FILE = reyanTests/Info.plist;
				IPHONEOS_DEPLOYMENT_TARGET = 14.0;
				LD_RUNPATH_SEARCH_PATHS = (
					"$(inherited)",
					"@executable_path/Frameworks",
					"@loader_path/Frameworks",
				);
				PRODUCT_BUNDLE_IDENTIFIER = com.islamversity.reyanTests;
				PRODUCT_NAME = "$(TARGET_NAME)";
				SWIFT_VERSION = 5.0;
				TARGETED_DEVICE_FAMILY = "1,2";
				TEST_HOST = "$(BUILT_PRODUCTS_DIR)/reyan.app/reyan";
			};
			name = Release;
		};
		F9275E3C2532160D0021FE0E /* Debug */ = {
			isa = XCBuildConfiguration;
			buildSettings = {
				ALWAYS_EMBED_SWIFT_STANDARD_LIBRARIES = YES;
				CODE_SIGN_STYLE = Automatic;
				INFOPLIST_FILE = reyanUITests/Info.plist;
				LD_RUNPATH_SEARCH_PATHS = (
					"$(inherited)",
					"@executable_path/Frameworks",
					"@loader_path/Frameworks",
				);
				PRODUCT_BUNDLE_IDENTIFIER = com.islamversity.reyanUITests;
				PRODUCT_NAME = "$(TARGET_NAME)";
				SWIFT_VERSION = 5.0;
				TARGETED_DEVICE_FAMILY = "1,2";
				TEST_TARGET_NAME = reyan;
			};
			name = Debug;
		};
		F9275E3D2532160D0021FE0E /* Release */ = {
			isa = XCBuildConfiguration;
			buildSettings = {
				ALWAYS_EMBED_SWIFT_STANDARD_LIBRARIES = YES;
				CODE_SIGN_STYLE = Automatic;
				INFOPLIST_FILE = reyanUITests/Info.plist;
				LD_RUNPATH_SEARCH_PATHS = (
					"$(inherited)",
					"@executable_path/Frameworks",
					"@loader_path/Frameworks",
				);
				PRODUCT_BUNDLE_IDENTIFIER = com.islamversity.reyanUITests;
				PRODUCT_NAME = "$(TARGET_NAME)";
				SWIFT_VERSION = 5.0;
				TARGETED_DEVICE_FAMILY = "1,2";
				TEST_TARGET_NAME = reyan;
			};
			name = Release;
		};
/* End XCBuildConfiguration section */

/* Begin XCConfigurationList section */
		F9275E0B2532160B0021FE0E /* Build configuration list for PBXProject "reyan" */ = {
			isa = XCConfigurationList;
			buildConfigurations = (
				F9275E332532160D0021FE0E /* Debug */,
				F9275E342532160D0021FE0E /* Release */,
			);
			defaultConfigurationIsVisible = 0;
			defaultConfigurationName = Release;
		};
		F9275E352532160D0021FE0E /* Build configuration list for PBXNativeTarget "reyan" */ = {
			isa = XCConfigurationList;
			buildConfigurations = (
				F9275E362532160D0021FE0E /* Debug */,
				F9275E372532160D0021FE0E /* Release */,
			);
			defaultConfigurationIsVisible = 0;
			defaultConfigurationName = Release;
		};
		F9275E382532160D0021FE0E /* Build configuration list for PBXNativeTarget "reyanTests" */ = {
			isa = XCConfigurationList;
			buildConfigurations = (
				F9275E392532160D0021FE0E /* Debug */,
				F9275E3A2532160D0021FE0E /* Release */,
			);
			defaultConfigurationIsVisible = 0;
			defaultConfigurationName = Release;
		};
		F9275E3B2532160D0021FE0E /* Build configuration list for PBXNativeTarget "reyanUITests" */ = {
			isa = XCConfigurationList;
			buildConfigurations = (
				F9275E3C2532160D0021FE0E /* Debug */,
				F9275E3D2532160D0021FE0E /* Release */,
			);
			defaultConfigurationIsVisible = 0;
			defaultConfigurationName = Release;
		};
/* End XCConfigurationList section */

/* Begin XCRemoteSwiftPackageReference section */
		E78EFD3025330F4F00886039 /* XCRemoteSwiftPackageReference "NavigationRouter" */ = {
			isa = XCRemoteSwiftPackageReference;
			repositoryURL = "https://github.com/corteggo/NavigationRouter.git";
			requirement = {
				branch = main;
				kind = branch;
			};
		};
		E796EC2425376ACC0025072F /* XCRemoteSwiftPackageReference "Resolver" */ = {
			isa = XCRemoteSwiftPackageReference;
			repositoryURL = "https://github.com/hmlongco/Resolver.git";
			requirement = {
				kind = upToNextMajorVersion;
				minimumVersion = 1.1.4;
			};
		};
/* End XCRemoteSwiftPackageReference section */

/* Begin XCSwiftPackageProductDependency section */
		E78EFD3125330F4F00886039 /* NavigationRouter */ = {
			isa = XCSwiftPackageProductDependency;
			package = E78EFD3025330F4F00886039 /* XCRemoteSwiftPackageReference "NavigationRouter" */;
			productName = NavigationRouter;
		};
		E796EC2525376ACC0025072F /* Resolver */ = {
			isa = XCSwiftPackageProductDependency;
			package = E796EC2425376ACC0025072F /* XCRemoteSwiftPackageReference "Resolver" */;
			productName = Resolver;
		};
/* End XCSwiftPackageProductDependency section */
	};
	rootObject = F9275E082532160B0021FE0E /* Project object */;
}
