{
  "object": {
    "pins": [
      {
        "package": "LocaleManager",
        "repositoryURL": "https://github.com/amosavian/LocaleManager.git",
        "state": {
          "branch": null,
          "revision": "37e44b18774b352b6de1ae18f2d5992f0a8c6d8e",
          "version": "1.4.0"
        }
      },
      {
        "package": "NavigationRouter",
        "repositoryURL": "https://github.com/corteggo/NavigationRouter.git",
        "state": {
          "branch": "main",
          "revision": "a91ba4dbfe53382c2bce52bd1f8c1ba29fcfb530",
          "version": null
        }
      },
      {
        "package": "Resolver",
        "repositoryURL": "https://github.com/hmlongco/Resolver.git",
        "state": {
          "branch": null,
          "revision": "e0bcbc721818328c192a1eb22c6a6ca48029e550",
          "version": "1.4.1"
        }
      }
    ]
  },
  "version": 1
}
